
Microsoft Visual Studio Solution File, Format Version 12.00
# Visual Studio Version 17
VisualStudioVersion = 17.5.33424.131
MinimumVisualStudioVersion = 10.0.40219.1
Project("{2150E333-8FDC-42A3-9474-1A3956D46DE8}") = "Doc", "Doc", "{4C0467D7-B9F0-448C-AA1F-EEC441167839}"
EndProject
Project("{2150E333-8FDC-42A3-9474-1A3956D46DE8}") = "Src", "Src", "{797B65CA-503A-4BB2-816D-9B0A98A87A5E}"
EndProject
Project("{2150E333-8FDC-42A3-9474-1A3956D46DE8}") = "Test", "Test", "{F732C33D-1B64-43F5-86D3-898654495D35}"
EndProject
Project("{2150E333-8FDC-42A3-9474-1A3956D46DE8}") = "Presentation", "Presentation", "{29C5C86F-F00D-4D10-B9D3-9EADB5C11B1B}"
EndProject
Project("{2150E333-8FDC-42A3-9474-1A3956D46DE8}") = "common", "common", "{6173BCD4-68C7-4B2A-AB1F-DB7A0B359F64}"
EndProject
Project("{2150E333-8FDC-42A3-9474-1A3956D46DE8}") = "Core", "Core", "{0629EC97-EB18-4C4B-957F-E21E82F8EFCE}"
EndProject
Project("{2150E333-8FDC-42A3-9474-1A3956D46DE8}") = "Infrastructure", "Infrastructure", "{1232E9F5-132E-4F97-8202-45ED1C2B5BB5}"
EndProject
Project("{9A19103F-16F7-4668-BE54-9A1E7A4F7556}") = "hooshAuto.Domain", "hooshAuto.Domain\hooshAuto.Domain.csproj", "{29677BB9-FDFB-43ED-8984-0CF8D3BE88CA}"
EndProject
Project("{9A19103F-16F7-4668-BE54-9A1E7A4F7556}") = "hooshAuto.Application", "hooshAuto.Application\hooshAuto.Application.csproj", "{7F4C12DF-4174-4D56-88A5-22D80189DFFC}"
EndProject
Project("{9A19103F-16F7-4668-BE54-9A1E7A4F7556}") = "hooshAuto.infrastructure", "hooshAuto.infrastructure\hooshAuto.infrastructure.csproj", "{3EDDF9BA-7D96-4A8F-86C0-18FD0D6A1B96}"
EndProject
Project("{9A19103F-16F7-4668-BE54-9A1E7A4F7556}") = "hooshAuto.Persistence", "hooshAuto.Persistence\hooshAuto.Persistence.csproj", "{D688AD96-A687-46AC-9AE5-9BC2D7313024}"
EndProject
Project("{9A19103F-16F7-4668-BE54-9A1E7A4F7556}") = "hooshAuto.Common", "hooshAuto.Common\hooshAuto.Common.csproj", "{2B63D9FA-7968-4C51-9148-E55E5E162222}"
EndProject
Project("{9A19103F-16F7-4668-BE54-9A1E7A4F7556}") = "EndPoint.Site", "EndPoint.Site\EndPoint.Site.csproj", "{551E2FBD-3911-4ADD-9978-A6981BEBA5CE}"
EndProject
Global
	GlobalSection(SolutionConfigurationPlatforms) = preSolution
		Debug|Any CPU = Debug|Any CPU
		Release|Any CPU = Release|Any CPU
	EndGlobalSection
	GlobalSection(ProjectConfigurationPlatforms) = postSolution
		{29677BB9-FDFB-43ED-8984-0CF8D3BE88CA}.Debug|Any CPU.ActiveCfg = Debug|Any CPU
		{29677BB9-FDFB-43ED-8984-0CF8D3BE88CA}.Debug|Any CPU.Build.0 = Debug|Any CPU
		{29677BB9-FDFB-43ED-8984-0CF8D3BE88CA}.Release|Any CPU.ActiveCfg = Release|Any CPU
		{29677BB9-FDFB-43ED-8984-0CF8D3BE88CA}.Release|Any CPU.Build.0 = Release|Any CPU
		{7F4C12DF-4174-4D56-88A5-22D80189DFFC}.Debug|Any CPU.ActiveCfg = Debug|Any CPU
		{7F4C12DF-4174-4D56-88A5-22D80189DFFC}.Debug|Any CPU.Build.0 = Debug|Any CPU
		{7F4C12DF-4174-4D56-88A5-22D80189DFFC}.Release|Any CPU.ActiveCfg = Release|Any CPU
		{7F4C12DF-4174-4D56-88A5-22D80189DFFC}.Release|Any CPU.Build.0 = Release|Any CPU
		{3EDDF9BA-7D96-4A8F-86C0-18FD0D6A1B96}.Debug|Any CPU.ActiveCfg = Debug|Any CPU
		{3EDDF9BA-7D96-4A8F-86C0-18FD0D6A1B96}.Debug|Any CPU.Build.0 = Debug|Any CPU
		{3EDDF9BA-7D96-4A8F-86C0-18FD0D6A1B96}.Release|Any CPU.ActiveCfg = Release|Any CPU
		{3EDDF9BA-7D96-4A8F-86C0-18FD0D6A1B96}.Release|Any CPU.Build.0 = Release|Any CPU
		{D688AD96-A687-46AC-9AE5-9BC2D7313024}.Debug|Any CPU.ActiveCfg = Debug|Any CPU
		{D688AD96-A687-46AC-9AE5-9BC2D7313024}.Debug|Any CPU.Build.0 = Debug|Any CPU
		{D688AD96-A687-46AC-9AE5-9BC2D7313024}.Release|Any CPU.ActiveCfg = Release|Any CPU
		{D688AD96-A687-46AC-9AE5-9BC2D7313024}.Release|Any CPU.Build.0 = Release|Any CPU
		{2B63D9FA-7968-4C51-9148-E55E5E162222}.Debug|Any CPU.ActiveCfg = Debug|Any CPU
		{2B63D9FA-7968-4C51-9148-E55E5E162222}.Debug|Any CPU.Build.0 = Debug|Any CPU
		{2B63D9FA-7968-4C51-9148-E55E5E162222}.Release|Any CPU.ActiveCfg = Release|Any CPU
		{2B63D9FA-7968-4C51-9148-E55E5E162222}.Release|Any CPU.Build.0 = Release|Any CPU
		{551E2FBD-3911-4ADD-9978-A6981BEBA5CE}.Debug|Any CPU.ActiveCfg = Debug|Any CPU
		{551E2FBD-3911-4ADD-9978-A6981BEBA5CE}.Debug|Any CPU.Build.0 = Debug|Any CPU
		{551E2FBD-3911-4ADD-9978-A6981BEBA5CE}.Release|Any CPU.ActiveCfg = Release|Any CPU
		{551E2FBD-3911-4ADD-9978-A6981BEBA5CE}.Release|Any CPU.Build.0 = Release|Any CPU
	EndGlobalSection
	GlobalSection(SolutionProperties) = preSolution
		HideSolutionNode = FALSE
	EndGlobalSection
	GlobalSection(NestedProjects) = preSolution
		{29C5C86F-F00D-4D10-B9D3-9EADB5C11B1B} = {797B65CA-503A-4BB2-816D-9B0A98A87A5E}
		{6173BCD4-68C7-4B2A-AB1F-DB7A0B359F64} = {797B65CA-503A-4BB2-816D-9B0A98A87A5E}
		{0629EC97-EB18-4C4B-957F-E21E82F8EFCE} = {797B65CA-503A-4BB2-816D-9B0A98A87A5E}
		{1232E9F5-132E-4F97-8202-45ED1C2B5BB5} = {797B65CA-503A-4BB2-816D-9B0A98A87A5E}
		{29677BB9-FDFB-43ED-8984-0CF8D3BE88CA} = {0629EC97-EB18-4C4B-957F-E21E82F8EFCE}
		{7F4C12DF-4174-4D56-88A5-22D80189DFFC} = {0629EC97-EB18-4C4B-957F-E21E82F8EFCE}
		{3EDDF9BA-7D96-4A8F-86C0-18FD0D6A1B96} = {1232E9F5-132E-4F97-8202-45ED1C2B5BB5}
		{D688AD96-A687-46AC-9AE5-9BC2D7313024} = {1232E9F5-132E-4F97-8202-45ED1C2B5BB5}
		{2B63D9FA-7968-4C51-9148-E55E5E162222} = {6173BCD4-68C7-4B2A-AB1F-DB7A0B359F64}
		{551E2FBD-3911-4ADD-9978-A6981BEBA5CE} = {29C5C86F-F00D-4D10-B9D3-9EADB5C11B1B}
	EndGlobalSection
	GlobalSection(ExtensibilityGlobals) = postSolution
		SolutionGuid = {9B4B4EBA-2A48-4D0A-9C2E-11524DB6A616}
	EndGlobalSection
EndGlobal
